// !$*UTF8*$!
{
	archiveVersion = 1;
	classes = {
	};
	objectVersion = 50;
	objects = {

/* Begin PBXBuildFile section */
		4A2DC96126122D4100CBD461 /* AppDelegate.swift in Sources */ = {isa = PBXBuildFile; fileRef = 4A2DC96026122D4100CBD461 /* AppDelegate.swift */; };
		4A2DC96326122D4100CBD461 /* SceneDelegate.swift in Sources */ = {isa = PBXBuildFile; fileRef = 4A2DC96226122D4100CBD461 /* SceneDelegate.swift */; };
		4A2DC96526122D4100CBD461 /* ViewController.swift in Sources */ = {isa = PBXBuildFile; fileRef = 4A2DC96426122D4100CBD461 /* ViewController.swift */; };
		4A2DC96826122D4100CBD461 /* Main.storyboard in Resources */ = {isa = PBXBuildFile; fileRef = 4A2DC96626122D4100CBD461 /* Main.storyboard */; };
		4A2DC96B26122D4100CBD461 /* mogo_apps_ios.xcdatamodeld in Sources */ = {isa = PBXBuildFile; fileRef = 4A2DC96926122D4100CBD461 /* mogo_apps_ios.xcdatamodeld */; };
		4A2DC96D26122D4200CBD461 /* Assets.xcassets in Resources */ = {isa = PBXBuildFile; fileRef = 4A2DC96C26122D4200CBD461 /* Assets.xcassets */; };
		4A2DC97026122D4200CBD461 /* LaunchScreen.storyboard in Resources */ = {isa = PBXBuildFile; fileRef = 4A2DC96E26122D4200CBD461 /* LaunchScreen.storyboard */; };
		D45964C4261AE12F00F5FA0D /* SavingHistory.storyboard in Resources */ = {isa = PBXBuildFile; fileRef = D45964C3261AE12F00F5FA0D /* SavingHistory.storyboard */; };
		D45964C8261C114200F5FA0D /* SavingHistoryScreen.swift in Sources */ = {isa = PBXBuildFile; fileRef = D45964C7261C114200F5FA0D /* SavingHistoryScreen.swift */; };
		D45964CB261C125000F5FA0D /* SavingHistoryCell.swift in Sources */ = {isa = PBXBuildFile; fileRef = D45964CA261C125000F5FA0D /* SavingHistoryCell.swift */; };
/* End PBXBuildFile section */

/* Begin PBXFileReference section */
		4A2DC95D26122D4100CBD461 /* mogo-apps-ios.app */ = {isa = PBXFileReference; explicitFileType = wrapper.application; includeInIndex = 0; path = "mogo-apps-ios.app"; sourceTree = BUILT_PRODUCTS_DIR; };
		4A2DC96026122D4100CBD461 /* AppDelegate.swift */ = {isa = PBXFileReference; lastKnownFileType = sourcecode.swift; path = AppDelegate.swift; sourceTree = "<group>"; };
		4A2DC96226122D4100CBD461 /* SceneDelegate.swift */ = {isa = PBXFileReference; lastKnownFileType = sourcecode.swift; path = SceneDelegate.swift; sourceTree = "<group>"; };
		4A2DC96426122D4100CBD461 /* ViewController.swift */ = {isa = PBXFileReference; lastKnownFileType = sourcecode.swift; path = ViewController.swift; sourceTree = "<group>"; };
		4A2DC96726122D4100CBD461 /* Base */ = {isa = PBXFileReference; lastKnownFileType = file.storyboard; name = Base; path = Base.lproj/Main.storyboard; sourceTree = "<group>"; };
		4A2DC96A26122D4100CBD461 /* mogo_apps_ios.xcdatamodel */ = {isa = PBXFileReference; lastKnownFileType = wrapper.xcdatamodel; path = mogo_apps_ios.xcdatamodel; sourceTree = "<group>"; };
		4A2DC96C26122D4200CBD461 /* Assets.xcassets */ = {isa = PBXFileReference; lastKnownFileType = folder.assetcatalog; path = Assets.xcassets; sourceTree = "<group>"; };
		4A2DC96F26122D4200CBD461 /* Base */ = {isa = PBXFileReference; lastKnownFileType = file.storyboard; name = Base; path = Base.lproj/LaunchScreen.storyboard; sourceTree = "<group>"; };
		4A2DC97126122D4200CBD461 /* Info.plist */ = {isa = PBXFileReference; lastKnownFileType = text.plist.xml; path = Info.plist; sourceTree = "<group>"; };
		D45964C3261AE12F00F5FA0D /* SavingHistory.storyboard */ = {isa = PBXFileReference; lastKnownFileType = file.storyboard; path = SavingHistory.storyboard; sourceTree = "<group>"; };
		D45964C7261C114200F5FA0D /* SavingHistoryScreen.swift */ = {isa = PBXFileReference; lastKnownFileType = sourcecode.swift; path = SavingHistoryScreen.swift; sourceTree = "<group>"; };
		D45964CA261C125000F5FA0D /* SavingHistoryCell.swift */ = {isa = PBXFileReference; lastKnownFileType = sourcecode.swift; path = SavingHistoryCell.swift; sourceTree = "<group>"; };
/* End PBXFileReference section */

/* Begin PBXFrameworksBuildPhase section */
		4A2DC95A26122D4100CBD461 /* Frameworks */ = {
			isa = PBXFrameworksBuildPhase;
			buildActionMask = 2147483647;
			files = (
			);
			runOnlyForDeploymentPostprocessing = 0;
		};
/* End PBXFrameworksBuildPhase section */

/* Begin PBXGroup section */
		4A2DC95426122D4100CBD461 = {
			isa = PBXGroup;
			children = (
				4A2DC95F26122D4100CBD461 /* mogo-apps-ios */,
				4A2DC95E26122D4100CBD461 /* Products */,
			);
			sourceTree = "<group>";
		};
		4A2DC95E26122D4100CBD461 /* Products */ = {
			isa = PBXGroup;
			children = (
				4A2DC95D26122D4100CBD461 /* mogo-apps-ios.app */,
			);
			name = Products;
			sourceTree = "<group>";
		};
		4A2DC95F26122D4100CBD461 /* mogo-apps-ios */ = {
			isa = PBXGroup;
			children = (
				D45964C2261AE0D500F5FA0D /* saving-history */,
				4A2DC96226122D4100CBD461 /* SceneDelegate.swift */,
				4A2DC96026122D4100CBD461 /* AppDelegate.swift */,
				4A2DC96426122D4100CBD461 /* ViewController.swift */,
				4A2DC96626122D4100CBD461 /* Main.storyboard */,
				4A2DC96C26122D4200CBD461 /* Assets.xcassets */,
				4A2DC96E26122D4200CBD461 /* LaunchScreen.storyboard */,
				4A2DC97126122D4200CBD461 /* Info.plist */,
				4A2DC96926122D4100CBD461 /* mogo_apps_ios.xcdatamodeld */,
			);
			path = "mogo-apps-ios";
			sourceTree = "<group>";
		};
		D45964C2261AE0D500F5FA0D /* saving-history */ = {
			isa = PBXGroup;
			children = (
				D45964C3261AE12F00F5FA0D /* SavingHistory.storyboard */,
				D45964C7261C114200F5FA0D /* SavingHistoryScreen.swift */,
				D45964CA261C125000F5FA0D /* SavingHistoryCell.swift */,
			);
			path = "saving-history";
			sourceTree = "<group>";
		};
/* End PBXGroup section */

/* Begin PBXNativeTarget section */
		4A2DC95C26122D4100CBD461 /* mogo-apps-ios */ = {
			isa = PBXNativeTarget;
			buildConfigurationList = 4A2DC97426122D4200CBD461 /* Build configuration list for PBXNativeTarget "mogo-apps-ios" */;
			buildPhases = (
				4A2DC95926122D4100CBD461 /* Sources */,
				4A2DC95A26122D4100CBD461 /* Frameworks */,
				4A2DC95B26122D4100CBD461 /* Resources */,
			);
			buildRules = (
			);
			dependencies = (
			);
			name = "mogo-apps-ios";
			productName = "mogo-apps-ios";
			productReference = 4A2DC95D26122D4100CBD461 /* mogo-apps-ios.app */;
			productType = "com.apple.product-type.application";
		};
/* End PBXNativeTarget section */

/* Begin PBXProject section */
		4A2DC95526122D4100CBD461 /* Project object */ = {
			isa = PBXProject;
			attributes = {
				LastSwiftUpdateCheck = 1240;
				LastUpgradeCheck = 1240;
				TargetAttributes = {
					4A2DC95C26122D4100CBD461 = {
						CreatedOnToolsVersion = 12.4;
					};
				};
			};
			buildConfigurationList = 4A2DC95826122D4100CBD461 /* Build configuration list for PBXProject "mogo-apps-ios" */;
			compatibilityVersion = "Xcode 9.3";
			developmentRegion = en;
			hasScannedForEncodings = 0;
			knownRegions = (
				en,
				Base,
			);
			mainGroup = 4A2DC95426122D4100CBD461;
			productRefGroup = 4A2DC95E26122D4100CBD461 /* Products */;
			projectDirPath = "";
			projectRoot = "";
			targets = (
				4A2DC95C26122D4100CBD461 /* mogo-apps-ios */,
			);
		};
/* End PBXProject section */

/* Begin PBXResourcesBuildPhase section */
		4A2DC95B26122D4100CBD461 /* Resources */ = {
			isa = PBXResourcesBuildPhase;
			buildActionMask = 2147483647;
			files = (
				4A2DC97026122D4200CBD461 /* LaunchScreen.storyboard in Resources */,
				D45964C4261AE12F00F5FA0D /* SavingHistory.storyboard in Resources */,
				4A2DC96D26122D4200CBD461 /* Assets.xcassets in Resources */,
				4A2DC96826122D4100CBD461 /* Main.storyboard in Resources */,
			);
			runOnlyForDeploymentPostprocessing = 0;
		};
/* End PBXResourcesBuildPhase section */

/* Begin PBXSourcesBuildPhase section */
		4A2DC95926122D4100CBD461 /* Sources */ = {
			isa = PBXSourcesBuildPhase;
			buildActionMask = 2147483647;
			files = (
				4A2DC96526122D4100CBD461 /* ViewController.swift in Sources */,
				4A2DC96B26122D4100CBD461 /* mogo_apps_ios.xcdatamodeld in Sources */,
				4A2DC96126122D4100CBD461 /* AppDelegate.swift in Sources */,
				4A2DC96326122D4100CBD461 /* SceneDelegate.swift in Sources */,
				D45964CB261C125000F5FA0D /* SavingHistoryCell.swift in Sources */,
				D45964C8261C114200F5FA0D /* SavingHistoryScreen.swift in Sources */,
			);
			runOnlyForDeploymentPostprocessing = 0;
		};
/* End PBXSourcesBuildPhase section */

/* Begin PBXVariantGroup section */
		4A2DC96626122D4100CBD461 /* Main.storyboard */ = {
			isa = PBXVariantGroup;
			children = (
				4A2DC96726122D4100CBD461 /* Base */,
			);
			name = Main.storyboard;
			sourceTree = "<group>";
		};
		4A2DC96E26122D4200CBD461 /* LaunchScreen.storyboard */ = {
			isa = PBXVariantGroup;
			children = (
				4A2DC96F26122D4200CBD461 /* Base */,
			);
			name = LaunchScreen.storyboard;
			sourceTree = "<group>";
		};
/* End PBXVariantGroup section */

/* Begin XCBuildConfiguration section */
		4A2DC97226122D4200CBD461 /* Debug */ = {
			isa = XCBuildConfiguration;
			buildSettings = {
				ALWAYS_SEARCH_USER_PATHS = NO;
				CLANG_ANALYZER_NONNULL = YES;
				CLANG_ANALYZER_NUMBER_OBJECT_CONVERSION = YES_AGGRESSIVE;
				CLANG_CXX_LANGUAGE_STANDARD = "gnu++14";
				CLANG_CXX_LIBRARY = "libc++";
				CLANG_ENABLE_MODULES = YES;
				CLANG_ENABLE_OBJC_ARC = YES;
				CLANG_ENABLE_OBJC_WEAK = YES;
				CLANG_WARN_BLOCK_CAPTURE_AUTORELEASING = YES;
				CLANG_WARN_BOOL_CONVERSION = YES;
				CLANG_WARN_COMMA = YES;
				CLANG_WARN_CONSTANT_CONVERSION = YES;
				CLANG_WARN_DEPRECATED_OBJC_IMPLEMENTATIONS = YES;
				CLANG_WARN_DIRECT_OBJC_ISA_USAGE = YES_ERROR;
				CLANG_WARN_DOCUMENTATION_COMMENTS = YES;
				CLANG_WARN_EMPTY_BODY = YES;
				CLANG_WARN_ENUM_CONVERSION = YES;
				CLANG_WARN_INFINITE_RECURSION = YES;
				CLANG_WARN_INT_CONVERSION = YES;
				CLANG_WARN_NON_LITERAL_NULL_CONVERSION = YES;
				CLANG_WARN_OBJC_IMPLICIT_RETAIN_SELF = YES;
				CLANG_WARN_OBJC_LITERAL_CONVERSION = YES;
				CLANG_WARN_OBJC_ROOT_CLASS = YES_ERROR;
				CLANG_WARN_QUOTED_INCLUDE_IN_FRAMEWORK_HEADER = YES;
				CLANG_WARN_RANGE_LOOP_ANALYSIS = YES;
				CLANG_WARN_STRICT_PROTOTYPES = YES;
				CLANG_WARN_SUSPICIOUS_MOVE = YES;
				CLANG_WARN_UNGUARDED_AVAILABILITY = YES_AGGRESSIVE;
				CLANG_WARN_UNREACHABLE_CODE = YES;
				CLANG_WARN__DUPLICATE_METHOD_MATCH = YES;
				COPY_PHASE_STRIP = NO;
				DEBUG_INFORMATION_FORMAT = dwarf;
				ENABLE_STRICT_OBJC_MSGSEND = YES;
				ENABLE_TESTABILITY = YES;
				GCC_C_LANGUAGE_STANDARD = gnu11;
				GCC_DYNAMIC_NO_PIC = NO;
				GCC_NO_COMMON_BLOCKS = YES;
				GCC_OPTIMIZATION_LEVEL = 0;
				GCC_PREPROCESSOR_DEFINITIONS = (
					"DEBUG=1",
					"$(inherited)",
				);
				GCC_WARN_64_TO_32_BIT_CONVERSION = YES;
				GCC_WARN_ABOUT_RETURN_TYPE = YES_ERROR;
				GCC_WARN_UNDECLARED_SELECTOR = YES;
				GCC_WARN_UNINITIALIZED_AUTOS = YES_AGGRESSIVE;
				GCC_WARN_UNUSED_FUNCTION = YES;
				GCC_WARN_UNUSED_VARIABLE = YES;
				IPHONEOS_DEPLOYMENT_TARGET = 14.4;
				MTL_ENABLE_DEBUG_INFO = INCLUDE_SOURCE;
				MTL_FAST_MATH = YES;
				ONLY_ACTIVE_ARCH = YES;
				SDKROOT = iphoneos;
				SWIFT_ACTIVE_COMPILATION_CONDITIONS = DEBUG;
				SWIFT_OPTIMIZATION_LEVEL = "-Onone";
			};
			name = Debug;
		};
		4A2DC97326122D4200CBD461 /* Release */ = {
			isa = XCBuildConfiguration;
			buildSettings = {
				ALWAYS_SEARCH_USER_PATHS = NO;
				CLANG_ANALYZER_NONNULL = YES;
				CLANG_ANALYZER_NUMBER_OBJECT_CONVERSION = YES_AGGRESSIVE;
				CLANG_CXX_LANGUAGE_STANDARD = "gnu++14";
				CLANG_CXX_LIBRARY = "libc++";
				CLANG_ENABLE_MODULES = YES;
				CLANG_ENABLE_OBJC_ARC = YES;
				CLANG_ENABLE_OBJC_WEAK = YES;
				CLANG_WARN_BLOCK_CAPTURE_AUTORELEASING = YES;
				CLANG_WARN_BOOL_CONVERSION = YES;
				CLANG_WARN_COMMA = YES;
				CLANG_WARN_CONSTANT_CONVERSION = YES;
				CLANG_WARN_DEPRECATED_OBJC_IMPLEMENTATIONS = YES;
				CLANG_WARN_DIRECT_OBJC_ISA_USAGE = YES_ERROR;
				CLANG_WARN_DOCUMENTATION_COMMENTS = YES;
				CLANG_WARN_EMPTY_BODY = YES;
				CLANG_WARN_ENUM_CONVERSION = YES;
				CLANG_WARN_INFINITE_RECURSION = YES;
				CLANG_WARN_INT_CONVERSION = YES;
				CLANG_WARN_NON_LITERAL_NULL_CONVERSION = YES;
				CLANG_WARN_OBJC_IMPLICIT_RETAIN_SELF = YES;
				CLANG_WARN_OBJC_LITERAL_CONVERSION = YES;
				CLANG_WARN_OBJC_ROOT_CLASS = YES_ERROR;
				CLANG_WARN_QUOTED_INCLUDE_IN_FRAMEWORK_HEADER = YES;
				CLANG_WARN_RANGE_LOOP_ANALYSIS = YES;
				CLANG_WARN_STRICT_PROTOTYPES = YES;
				CLANG_WARN_SUSPICIOUS_MOVE = YES;
				CLANG_WARN_UNGUARDED_AVAILABILITY = YES_AGGRESSIVE;
				CLANG_WARN_UNREACHABLE_CODE = YES;
				CLANG_WARN__DUPLICATE_METHOD_MATCH = YES;
				COPY_PHASE_STRIP = NO;
				DEBUG_INFORMATION_FORMAT = "dwarf-with-dsym";
				ENABLE_NS_ASSERTIONS = NO;
				ENABLE_STRICT_OBJC_MSGSEND = YES;
				GCC_C_LANGUAGE_STANDARD = gnu11;
				GCC_NO_COMMON_BLOCKS = YES;
				GCC_WARN_64_TO_32_BIT_CONVERSION = YES;
				GCC_WARN_ABOUT_RETURN_TYPE = YES_ERROR;
				GCC_WARN_UNDECLARED_SELECTOR = YES;
				GCC_WARN_UNINITIALIZED_AUTOS = YES_AGGRESSIVE;
				GCC_WARN_UNUSED_FUNCTION = YES;
				GCC_WARN_UNUSED_VARIABLE = YES;
				IPHONEOS_DEPLOYMENT_TARGET = 14.4;
				MTL_ENABLE_DEBUG_INFO = NO;
				MTL_FAST_MATH = YES;
				SDKROOT = iphoneos;
				SWIFT_COMPILATION_MODE = wholemodule;
				SWIFT_OPTIMIZATION_LEVEL = "-O";
				VALIDATE_PRODUCT = YES;
			};
			name = Release;
		};
		4A2DC97526122D4200CBD461 /* Debug */ = {
			isa = XCBuildConfiguration;
			buildSettings = {
				ASSETCATALOG_COMPILER_APPICON_NAME = AppIcon;
				ASSETCATALOG_COMPILER_GLOBAL_ACCENT_COLOR_NAME = AccentColor;
				CODE_SIGN_STYLE = Automatic;
				INFOPLIST_FILE = "mogo-apps-ios/Info.plist";
				LD_RUNPATH_SEARCH_PATHS = (
					"$(inherited)",
					"@executable_path/Frameworks",
				);
				PRODUCT_BUNDLE_IDENTIFIER = "com.mogo-apps-ios";
				PRODUCT_NAME = "$(TARGET_NAME)";
				SWIFT_VERSION = 5.0;
				TARGETED_DEVICE_FAMILY = "1,2";
			};
			name = Debug;
		};
		4A2DC97626122D4200CBD461 /* Release */ = {
			isa = XCBuildConfiguration;
			buildSettings = {
				ASSETCATALOG_COMPILER_APPICON_NAME = AppIcon;
				ASSETCATALOG_COMPILER_GLOBAL_ACCENT_COLOR_NAME = AccentColor;
				CODE_SIGN_STYLE = Automatic;
				INFOPLIST_FILE = "mogo-apps-ios/Info.plist";
				LD_RUNPATH_SEARCH_PATHS = (
					"$(inherited)",
					"@executable_path/Frameworks",
				);
				PRODUCT_BUNDLE_IDENTIFIER = "com.mogo-apps-ios";
				PRODUCT_NAME = "$(TARGET_NAME)";
				SWIFT_VERSION = 5.0;
				TARGETED_DEVICE_FAMILY = "1,2";
			};
			name = Release;
		};
/* End XCBuildConfiguration section */

/* Begin XCConfigurationList section */
		4A2DC95826122D4100CBD461 /* Build configuration list for PBXProject "mogo-apps-ios" */ = {
			isa = XCConfigurationList;
			buildConfigurations = (
				4A2DC97226122D4200CBD461 /* Debug */,
				4A2DC97326122D4200CBD461 /* Release */,
			);
			defaultConfigurationIsVisible = 0;
			defaultConfigurationName = Release;
		};
		4A2DC97426122D4200CBD461 /* Build configuration list for PBXNativeTarget "mogo-apps-ios" */ = {
			isa = XCConfigurationList;
			buildConfigurations = (
				4A2DC97526122D4200CBD461 /* Debug */,
				4A2DC97626122D4200CBD461 /* Release */,
			);
			defaultConfigurationIsVisible = 0;
			defaultConfigurationName = Release;
		};
/* End XCConfigurationList section */

/* Begin XCVersionGroup section */
		4A2DC96926122D4100CBD461 /* mogo_apps_ios.xcdatamodeld */ = {
			isa = XCVersionGroup;
			children = (
				4A2DC96A26122D4100CBD461 /* mogo_apps_ios.xcdatamodel */,
			);
			currentVersion = 4A2DC96A26122D4100CBD461 /* mogo_apps_ios.xcdatamodel */;
			path = mogo_apps_ios.xcdatamodeld;
			sourceTree = "<group>";
			versionGroupType = wrapper.xcdatamodel;
		};
/* End XCVersionGroup section */
	};
	rootObject = 4A2DC95526122D4100CBD461 /* Project object */;
}
